
Microsoft Visual Studio Solution File, Format Version 12.00
# Visual Studio Version 16
VisualStudioVersion = 16.0.30011.22
MinimumVisualStudioVersion = 10.0.40219.1
Project("{FAE04EC0-301F-11D3-BF4B-00C04F79EFBC}") = "SimpleBilling", "SimpleBilling\SimpleBilling.csproj", "{06C94AC4-46C2-416A-9BEE-7FA2CE77E708}"
EndProject
Global
	GlobalSection(SolutionConfigurationPlatforms) = preSolution
		Debug|Any CPU = Debug|Any CPU
		Release|Any CPU = Release|Any CPU
	EndGlobalSection
	GlobalSection(ProjectConfigurationPlatforms) = postSolution
		{06C94AC4-46C2-416A-9BEE-7FA2CE77E708}.Debug|Any CPU.ActiveCfg = Debug|Any CPU
		{06C94AC4-46C2-416A-9BEE-7FA2CE77E708}.Debug|Any CPU.Build.0 = Debug|Any CPU
		{06C94AC4-46C2-416A-9BEE-7FA2CE77E708}.Release|Any CPU.ActiveCfg = Release|Any CPU
		{06C94AC4-46C2-416A-9BEE-7FA2CE77E708}.Release|Any CPU.Build.0 = Release|Any CPU
	EndGlobalSection
	GlobalSection(SolutionProperties) = preSolution
		HideSolutionNode = FALSE
	EndGlobalSection
	GlobalSection(ExtensibilityGlobals) = postSolution
		SolutionGuid = {48860D14-145D-4A79-A179-F59DB2D1DE10}
	EndGlobalSection
EndGlobal
